
Microsoft Visual Studio Solution File, Format Version 12.00
# Visual Studio Version 16
VisualStudioVersion = 16.0.30011.22
MinimumVisualStudioVersion = 10.0.40219.1
Project("{FAE04EC0-301F-11D3-BF4B-00C04F79EFBC}") = "Password", "Password\Password.csproj", "{61BD3B1F-7995-495F-BD33-610667B4829C}"
EndProject
Global
	GlobalSection(SolutionConfigurationPlatforms) = preSolution
		Debug|Any CPU = Debug|Any CPU
		Release|Any CPU = Release|Any CPU
	EndGlobalSection
	GlobalSection(ProjectConfigurationPlatforms) = postSolution
		{61BD3B1F-7995-495F-BD33-610667B4829C}.Debug|Any CPU.ActiveCfg = Debug|Any CPU
		{61BD3B1F-7995-495F-BD33-610667B4829C}.Debug|Any CPU.Build.0 = Debug|Any CPU
		{61BD3B1F-7995-495F-BD33-610667B4829C}.Release|Any CPU.ActiveCfg = Release|Any CPU
		{61BD3B1F-7995-495F-BD33-610667B4829C}.Release|Any CPU.Build.0 = Release|Any CPU
	EndGlobalSection
	GlobalSection(SolutionProperties) = preSolution
		HideSolutionNode = FALSE
	EndGlobalSection
	GlobalSection(ExtensibilityGlobals) = postSolution
		SolutionGuid = {6EF64387-D825-4CBC-92E2-31279A1E26F4}
	EndGlobalSection
EndGlobal
