
Microsoft Visual Studio Solution File, Format Version 12.00
# Visual Studio Version 16
VisualStudioVersion = 16.0.30011.22
MinimumVisualStudioVersion = 10.0.40219.1
Project("{FAE04EC0-301F-11D3-BF4B-00C04F79EFBC}") = "EncryptionGUI", "EncryptionGUI\EncryptionGUI.csproj", "{A12EA585-E90B-4458-B8E2-775972BE7B45}"
EndProject
Global
	GlobalSection(SolutionConfigurationPlatforms) = preSolution
		Debug|Any CPU = Debug|Any CPU
		Release|Any CPU = Release|Any CPU
	EndGlobalSection
	GlobalSection(ProjectConfigurationPlatforms) = postSolution
		{A12EA585-E90B-4458-B8E2-775972BE7B45}.Debug|Any CPU.ActiveCfg = Debug|Any CPU
		{A12EA585-E90B-4458-B8E2-775972BE7B45}.Debug|Any CPU.Build.0 = Debug|Any CPU
		{A12EA585-E90B-4458-B8E2-775972BE7B45}.Release|Any CPU.ActiveCfg = Release|Any CPU
		{A12EA585-E90B-4458-B8E2-775972BE7B45}.Release|Any CPU.Build.0 = Release|Any CPU
	EndGlobalSection
	GlobalSection(SolutionProperties) = preSolution
		HideSolutionNode = FALSE
	EndGlobalSection
	GlobalSection(ExtensibilityGlobals) = postSolution
		SolutionGuid = {A2496874-20DC-4F1D-AB51-DF2C21D7CB7E}
	EndGlobalSection
EndGlobal
